
Microsoft Visual Studio Solution File, Format Version 12.00
# Visual Studio Version 16
VisualStudioVersion = 16.0.28803.202
MinimumVisualStudioVersion = 10.0.40219.1
Project("{FAE04EC0-301F-11D3-BF4B-00C04F79EFBC}") = "Mineracao_de_Texto_B", "Mineracao_de_Texto_B\Mineracao_de_Texto_B.csproj", "{64DD3054-90FD-40CA-882B-F4E1D2D1A488}"
EndProject
Global
	GlobalSection(SolutionConfigurationPlatforms) = preSolution
		Debug|Any CPU = Debug|Any CPU
		Release|Any CPU = Release|Any CPU
	EndGlobalSection
	GlobalSection(ProjectConfigurationPlatforms) = postSolution
		{64DD3054-90FD-40CA-882B-F4E1D2D1A488}.Debug|Any CPU.ActiveCfg = Debug|Any CPU
		{64DD3054-90FD-40CA-882B-F4E1D2D1A488}.Debug|Any CPU.Build.0 = Debug|Any CPU
		{64DD3054-90FD-40CA-882B-F4E1D2D1A488}.Release|Any CPU.ActiveCfg = Release|Any CPU
		{64DD3054-90FD-40CA-882B-F4E1D2D1A488}.Release|Any CPU.Build.0 = Release|Any CPU
	EndGlobalSection
	GlobalSection(SolutionProperties) = preSolution
		HideSolutionNode = FALSE
	EndGlobalSection
	GlobalSection(ExtensibilityGlobals) = postSolution
		SolutionGuid = {23EB5267-38B4-43B8-95E4-76AC32454238}
	EndGlobalSection
EndGlobal
